github.com/12yanogden/go-intslices v0.0.0-20240818211230-91bba23bf138 h1:23tEiy2XomQSVGlsbYUo2S8Y8uYvFk4/FZwrK3j7TSM=
github.com/12yanogden/go-intslices v0.0.0-20240818211230-91bba23bf138/go.mod h1:0s7ftndqhFBzqgfMOx/5Ew4oooEdQ4DgcjaVr47JPjQ=
github.com/12yanogden/go-strslices v0.0.0-20240818213453-8e5d4b424534 h1:8DJ1OUf4WAZSFMq24fWjwaOKHT39CxlU/g0xy2HxrVI=
github.com/12yanogden/go-strslices v0.0.0-20240818213453-8e5d4b424534/go.mod h1:pe8kqyg7BndQwXgh/ojqoeIrs0veUF/UZ57qfyJoH3E=
